<?xml version="1.0" encoding="utf-8"?>
<Project ToolsVersion="4.0" xmlns="http://schemas.microsoft.com/developer/msbuild/2003">
  <ItemGroup>
    <Filter Include="Game">
      <UniqueIdentifier>{2cef8b38-fbf7-41e5-a0ea-dba9c934716f}</UniqueIdentifier>
    </Filter>
    <Filter Include="Resource Files">
      <UniqueIdentifier>{00c7c665-ab85-4d71-85fb-145a4bbbe0ec}</UniqueIdentifier>
    </Filter>
    <Filter Include="Resource Files\Images">
      <UniqueIdentifier>{1f0ac908-09df-4f7f-9285-145fd3fb0077}</UniqueIdentifier>
    </Filter>
    <Filter Include="Resource Files\Sounds">
      <UniqueIdentifier>{ac143a54-2987-49d3-8c8f-838110f36e27}</UniqueIdentifier>
    </Filter>
    <Filter Include="Game\Controls">
      <UniqueIdentifier>{085fc946-9ea6-4ae7-b8b1-611ff6851d8d}</UniqueIdentifier>
    </Filter>
    <Filter Include="Resource Files\Images\Textures">
      <UniqueIdentifier>{8c71204b-bc04-4de4-9583-aabd24ddc7b0}</UniqueIdentifier>
    </Filter>
    <Filter Include="Resource Files\Images\Spirtes">
      <UniqueIdentifier>{8b82ba05-4e89-4bc9-b8f9-6c3fd5a67f58}</UniqueIdentifier>
    </Filter>
    <Filter Include="Resource Files\Images\Fonts">
      <UniqueIdentifier>{ab338fbe-24f3-4a48-a460-5674bac2359d}</UniqueIdentifier>
    </Filter>
    <Filter Include="Resource Files\Images\Icons">
      <UniqueIdentifier>{095437b8-a4d8-405f-9da2-df609ec6f769}</UniqueIdentifier>
    </Filter>
    <Filter Include="Lib">
      <UniqueIdentifier>{493712ec-be8c-4bfa-b8ed-6f911b7461e5}</UniqueIdentifier>
    </Filter>
    <Filter Include="Lib\Camera">
      <UniqueIdentifier>{8bc14e06-a487-4c43-8e45-26e67af23d8a}</UniqueIdentifier>
    </Filter>
    <Filter Include="Lib\Collision">
      <UniqueIdentifier>{00f08798-19c3-4be1-8e0d-98ba48b8807b}</UniqueIdentifier>
    </Filter>
    <Filter Include="Lib\Debugs">
      <UniqueIdentifier>{f3e29f1f-a19d-4942-9f65-6a1743a76489}</UniqueIdentifier>
    </Filter>
    <Filter Include="Lib\Sprites">
      <UniqueIdentifier>{cdd47de0-a38a-4f38-8b07-97ec0a82e341}</UniqueIdentifier>
    </Filter>
    <Filter Include="Lib\Map">
      <UniqueIdentifier>{124ca459-830b-4082-8f58-914111e4e624}</UniqueIdentifier>
    </Filter>
    <Filter Include="Lib\Key">
      <UniqueIdentifier>{031158ed-6960-440b-ba7f-37592e9be318}</UniqueIdentifier>
    </Filter>
    <Filter Include="Lib\Game">
      <UniqueIdentifier>{113e50ab-6ad9-421e-bf6c-165fbcb1e5fc}</UniqueIdentifier>
    </Filter>
    <Filter Include="Lib\Sound">
      <UniqueIdentifier>{45a8e78f-08bd-44e0-9d2d-838e091f35a4}</UniqueIdentifier>
    </Filter>
    <Filter Include="Game\GameObject">
      <UniqueIdentifier>{144f9798-02e2-4217-abfc-75c6cf148b14}</UniqueIdentifier>
    </Filter>
    <Filter Include="Game\GameObject\Static Object">
      <UniqueIdentifier>{d101fd20-9043-419d-88f2-419dd8bb04b2}</UniqueIdentifier>
    </Filter>
    <Filter Include="Game\GameObject\Static Object\Scenes">
      <UniqueIdentifier>{e1584af4-a5d5-4100-aa4a-4fe2cbfc80cb}</UniqueIdentifier>
    </Filter>
    <Filter Include="Game\GameObject\Static Object\Terrain">
      <UniqueIdentifier>{9434cd9d-65b1-4467-b3ab-5da015be7ed0}</UniqueIdentifier>
    </Filter>
    <Filter Include="Game\GameObject\Static Object\Others">
      <UniqueIdentifier>{45118ec0-06bd-4d41-8e11-1f50806d4064}</UniqueIdentifier>
    </Filter>
    <Filter Include="Game\GameObject\Static Object\Items">
      <UniqueIdentifier>{c0169299-957b-4b00-bc69-19671464f32b}</UniqueIdentifier>
    </Filter>
    <Filter Include="Game\GameObject\DynamicObject">
      <UniqueIdentifier>{84c6c352-3c5f-4c26-b5d5-ebd374c818e5}</UniqueIdentifier>
    </Filter>
    <Filter Include="Game\GameObject\DynamicObject\Enemies">
      <UniqueIdentifier>{a3bb6a7a-2481-43e0-944b-9209bcddba75}</UniqueIdentifier>
    </Filter>
    <Filter Include="Game\GameObject\DynamicObject\Boss">
      <UniqueIdentifier>{6bf70a95-5613-4c2b-96c5-fedec1c0b22f}</UniqueIdentifier>
    </Filter>
    <Filter Include="Game\GameObject\DynamicObject\Player">
      <UniqueIdentifier>{c544bad8-b550-4189-b216-33bf632a3367}</UniqueIdentifier>
    </Filter>
    <Filter Include="Game\Constaint">
      <UniqueIdentifier>{e2200cd1-d88e-4448-9e52-31185b6f4d8b}</UniqueIdentifier>
    </Filter>
    <Filter Include="Lib\Animation">
      <UniqueIdentifier>{6a81cd30-a783-4c95-a427-74a3ce0f5369}</UniqueIdentifier>
    </Filter>
    <Filter Include="Game\GameObject\Weapon">
      <UniqueIdentifier>{a29bff71-b49c-48a6-9940-0bcb04a2f1c7}</UniqueIdentifier>
    </Filter>
    <Filter Include="Game\Action">
      <UniqueIdentifier>{5b6e3724-a0fe-49a6-a932-495b894254ac}</UniqueIdentifier>
    </Filter>
    <Filter Include="Lib\Font">
      <UniqueIdentifier>{f49db845-eb7e-485f-9f21-27a0d8fefe04}</UniqueIdentifier>
    </Filter>
    <Filter Include="Game\Stage">
      <UniqueIdentifier>{0c2f7f65-b4fa-442f-8127-faa249bac674}</UniqueIdentifier>
    </Filter>
    <Filter Include="Game\Controls\Sound">
      <UniqueIdentifier>{a9520e34-4d42-4f1f-bf53-82c06a626484}</UniqueIdentifier>
    </Filter>
    <Filter Include="Game\Controls\Scence">
      <UniqueIdentifier>{5ebf49d0-b6b6-44be-939d-207a76897259}</UniqueIdentifier>
    </Filter>
    <Filter Include="Lib\CTime">
      <UniqueIdentifier>{32410854-48fb-4bb2-8b82-472188ba17b7}</UniqueIdentifier>
    </Filter>
    <Filter Include="Game\GameObject\Weapon\MegamanX">
      <UniqueIdentifier>{34a6a19e-304d-422d-b122-2f972842c751}</UniqueIdentifier>
    </Filter>
    <Filter Include="Game\GameObject\DynamicObject\Other">
      <UniqueIdentifier>{d57ebcc8-b91f-4afa-aa2e-bfb67c66e521}</UniqueIdentifier>
    </Filter>
    <Filter Include="Game\Controls\Megaman">
      <UniqueIdentifier>{adac7136-3060-49a5-931f-7a25dac273ac}</UniqueIdentifier>
    </Filter>
    <Filter Include="Game\Controls\Megaman\Key">
      <UniqueIdentifier>{b2e700d6-4fb8-4842-9286-3f3fc5aa11df}</UniqueIdentifier>
    </Filter>
    <Filter Include="Game\Controls\Megaman\Effect">
      <UniqueIdentifier>{13db1790-1177-4d38-97ee-790e121d9a35}</UniqueIdentifier>
    </Filter>
    <Filter Include="Game\Effect">
      <UniqueIdentifier>{ba7cf9e5-ece7-4b70-a686-e4ea542b5d6c}</UniqueIdentifier>
    </Filter>
    <Filter Include="Game\Effect\Megaman">
      <UniqueIdentifier>{d5c3ee2c-3ed7-40a4-a2f0-021db83df582}</UniqueIdentifier>
    </Filter>
    <Filter Include="Game\Controls\Megaman\Weapon">
      <UniqueIdentifier>{abfdf745-b352-4eb8-a66f-156848355fee}</UniqueIdentifier>
    </Filter>
    <Filter Include="Game\GameObject\Weapon\Enemies">
      <UniqueIdentifier>{46f12e7a-7b02-43f3-8611-26dfbc95874d}</UniqueIdentifier>
    </Filter>
  </ItemGroup>
  <ItemGroup>
    <ClInclude Include="ConstColor.h">
      <Filter>Game\Constaint</Filter>
    </ClInclude>
    <ClInclude Include="ConstStruct.h">
      <Filter>Game\Constaint</Filter>
    </ClInclude>
    <ClInclude Include="ConstGlobals.h">
      <Filter>Game\Constaint</Filter>
    </ClInclude>
    <ClInclude Include="Camera.h">
      <Filter>Lib\Camera</Filter>
    </ClInclude>
    <ClInclude Include="CollisionEvent.h">
      <Filter>Lib\Collision</Filter>
    </ClInclude>
    <ClInclude Include="Debugs.h">
      <Filter>Lib\Debugs</Filter>
    </ClInclude>
    <ClInclude Include="Sprites.h">
      <Filter>Lib\Sprites</Filter>
    </ClInclude>
    <ClInclude Include="Textures.h">
      <Filter>Lib\Sprites</Filter>
    </ClInclude>
    <ClInclude Include="Game.h">
      <Filter>Lib\Game</Filter>
    </ClInclude>
    <ClInclude Include="CKey.h">
      <Filter>Lib\Key</Filter>
    </ClInclude>
    <ClInclude Include="dsutil.h">
      <Filter>Lib\Sound</Filter>
    </ClInclude>
    <ClInclude Include="dxsound.h">
      <Filter>Lib\Sound</Filter>
    </ClInclude>
    <ClInclude Include="dxutil.h">
      <Filter>Lib\Sound</Filter>
    </ClInclude>
    <ClInclude Include="GameObject.h">
      <Filter>Game\GameObject</Filter>
    </ClInclude>
    <ClInclude Include="StaticObject.h">
      <Filter>Game\GameObject\Static Object</Filter>
    </ClInclude>
    <ClInclude Include="ConstEnum.h">
      <Filter>Game\Constaint</Filter>
    </ClInclude>
    <ClInclude Include="DynamicObject.h">
      <Filter>Game\GameObject\DynamicObject</Filter>
    </ClInclude>
    <ClInclude Include="Graphics.h">
      <Filter>Lib\Sprites</Filter>
    </ClInclude>
    <ClInclude Include="Animation.h">
      <Filter>Lib\Animation</Filter>
    </ClInclude>
    <ClInclude Include="Weapon.h">
      <Filter>Game\GameObject\Weapon</Filter>
    </ClInclude>
    <ClInclude Include="MegamanX.h">
      <Filter>Game\GameObject\DynamicObject\Player</Filter>
    </ClInclude>
    <ClInclude Include="Tile.h">
      <Filter>Lib\Map</Filter>
    </ClInclude>
    <ClInclude Include="Font.h">
      <Filter>Lib\Font</Filter>
    </ClInclude>
    <ClInclude Include="Sound.h">
      <Filter>Game\Controls\Sound</Filter>
    </ClInclude>
    <ClInclude Include="ScenceController.h">
      <Filter>Game\Controls\Scence</Filter>
    </ClInclude>
    <ClInclude Include="QNode.h">
      <Filter>Lib\Map</Filter>
    </ClInclude>
    <ClInclude Include="ConstDefine.h">
      <Filter>Game\Constaint</Filter>
    </ClInclude>
    <ClInclude Include="CTreeObject.h">
      <Filter>Lib\Map</Filter>
    </ClInclude>
    <ClInclude Include="CTime.h">
      <Filter>Lib\CTime</Filter>
    </ClInclude>
    <ClInclude Include="Brick.h">
      <Filter>Game\GameObject\Static Object\Scenes</Filter>
    </ClInclude>
    <ClInclude Include="Effect.h">
      <Filter>Game\Effect</Filter>
    </ClInclude>
    <ClInclude Include="KeyController.h">
      <Filter>Game\Controls\Megaman\Key</Filter>
    </ClInclude>
    <ClInclude Include="Controller.h">
      <Filter>Game\Controls</Filter>
    </ClInclude>
    <ClInclude Include="Factory.h">
      <Filter>Game\Controls\Scence</Filter>
    </ClInclude>
    <ClInclude Include="NotorBanger.h">
      <Filter>Game\GameObject\DynamicObject\Enemies</Filter>
    </ClInclude>
    <ClInclude Include="HeadGunner.h">
      <Filter>Game\GameObject\DynamicObject\Enemies</Filter>
    </ClInclude>
    <ClInclude Include="BusterShot.h">
      <Filter>Game\GameObject\Weapon\MegamanX</Filter>
    </ClInclude>
    <ClInclude Include="ChargedShot1.h">
      <Filter>Game\GameObject\Weapon\MegamanX</Filter>
    </ClInclude>
    <ClInclude Include="ChargedShot2.h">
      <Filter>Game\GameObject\Weapon\MegamanX</Filter>
    </ClInclude>
    <ClInclude Include="DashSmoke.h">
      <Filter>Game\Effect\Megaman</Filter>
    </ClInclude>
    <ClInclude Include="DashSpark.h">
      <Filter>Game\Effect\Megaman</Filter>
    </ClInclude>
    <ClInclude Include="WallKick.h">
      <Filter>Game\Effect\Megaman</Filter>
    </ClInclude>
    <ClInclude Include="WallSlide.h">
      <Filter>Game\Effect\Megaman</Filter>
    </ClInclude>
    <ClInclude Include="Gate.h">
      <Filter>Game\GameObject\Static Object\Scenes</Filter>
    </ClInclude>
    <ClInclude Include="DiePoint.h">
      <Filter>Game\GameObject\Static Object\Scenes</Filter>
    </ClInclude>
    <ClInclude Include="Elevator.h">
      <Filter>Game\GameObject\Static Object\Others</Filter>
    </ClInclude>
    <ClInclude Include="AnimationOneTime.h">
      <Filter>Lib\Animation</Filter>
    </ClInclude>
    <ClInclude Include="MegamanEffectFactory.h">
      <Filter>Game\Controls\Megaman\Effect</Filter>
    </ClInclude>
    <ClInclude Include="Game1.h">
      <Filter>Game</Filter>
    </ClInclude>
    <ClInclude Include="MegamanWeapon.h">
      <Filter>Game\Controls\Megaman\Weapon</Filter>
    </ClInclude>
    <ClInclude Include="ChargedEffect.h">
      <Filter>Game\Effect\Megaman</Filter>
    </ClInclude>
    <ClInclude Include="NotorBangerEffectShot.h">
      <Filter>Game\Effect</Filter>
    </ClInclude>
    <ClInclude Include="Helit.h">
      <Filter>Game\GameObject\DynamicObject\Enemies</Filter>
    </ClInclude>
    <ClInclude Include="NotorBangerBullet.h">
      <Filter>Game\GameObject\Weapon\Enemies</Filter>
    </ClInclude>
  </ItemGroup>
  <ItemGroup>
    <ClCompile Include="main.cpp" />
    <ClCompile Include="ConstGlobals.cpp">
      <Filter>Game\Constaint</Filter>
    </ClCompile>
    <ClCompile Include="Camera.cpp">
      <Filter>Lib\Camera</Filter>
    </ClCompile>
    <ClCompile Include="CollisionEvent.cpp">
      <Filter>Lib\Collision</Filter>
    </ClCompile>
    <ClCompile Include="Sprites.cpp">
      <Filter>Lib\Sprites</Filter>
    </ClCompile>
    <ClCompile Include="Textures.cpp">
      <Filter>Lib\Sprites</Filter>
    </ClCompile>
    <ClCompile Include="Game.cpp">
      <Filter>Lib\Game</Filter>
    </ClCompile>
    <ClCompile Include="CKey.cpp">
      <Filter>Lib\Key</Filter>
    </ClCompile>
    <ClCompile Include="Debugs.cpp">
      <Filter>Lib\Debugs</Filter>
    </ClCompile>
    <ClCompile Include="dsutil.cpp">
      <Filter>Lib\Sound</Filter>
    </ClCompile>
    <ClCompile Include="dxsound.cpp">
      <Filter>Lib\Sound</Filter>
    </ClCompile>
    <ClCompile Include="dxutil.cpp">
      <Filter>Lib\Sound</Filter>
    </ClCompile>
    <ClCompile Include="GameObject.cpp">
      <Filter>Game\GameObject</Filter>
    </ClCompile>
    <ClCompile Include="StaticObject.cpp">
      <Filter>Game\GameObject\Static Object</Filter>
    </ClCompile>
    <ClCompile Include="DynamicObject.cpp">
      <Filter>Game\GameObject\DynamicObject</Filter>
    </ClCompile>
    <ClCompile Include="Animation.cpp">
      <Filter>Lib\Animation</Filter>
    </ClCompile>
    <ClCompile Include="Weapon.cpp">
      <Filter>Game\GameObject\Weapon</Filter>
    </ClCompile>
    <ClCompile Include="MegamanX.cpp">
      <Filter>Game\GameObject\DynamicObject\Player</Filter>
    </ClCompile>
    <ClCompile Include="Tile.cpp">
      <Filter>Lib\Map</Filter>
    </ClCompile>
    <ClCompile Include="Font.cpp">
      <Filter>Lib\Font</Filter>
    </ClCompile>
    <ClCompile Include="Sound.cpp">
      <Filter>Game\Controls\Sound</Filter>
    </ClCompile>
    <ClCompile Include="ScenceController.cpp">
      <Filter>Game\Controls\Scence</Filter>
    </ClCompile>
    <ClCompile Include="QNode.cpp">
      <Filter>Lib\Map</Filter>
    </ClCompile>
    <ClCompile Include="CTreeObject.cpp">
      <Filter>Lib\Map</Filter>
    </ClCompile>
    <ClCompile Include="CTime.cpp">
      <Filter>Lib\CTime</Filter>
    </ClCompile>
    <ClCompile Include="Brick.cpp">
      <Filter>Game\GameObject\Static Object\Scenes</Filter>
    </ClCompile>
    <ClCompile Include="Effect.cpp">
      <Filter>Game\Effect</Filter>
    </ClCompile>
    <ClCompile Include="KeyController.cpp">
      <Filter>Game\Controls\Megaman\Key</Filter>
    </ClCompile>
    <ClCompile Include="Controller.cpp">
      <Filter>Game\Controls</Filter>
    </ClCompile>
    <ClCompile Include="Factory.cpp">
      <Filter>Game\Controls\Scence</Filter>
    </ClCompile>
    <ClCompile Include="NotorBanger.cpp">
      <Filter>Game\GameObject\DynamicObject\Enemies</Filter>
    </ClCompile>
    <ClCompile Include="HeadGunner.cpp">
      <Filter>Game\GameObject\DynamicObject\Enemies</Filter>
    </ClCompile>
    <ClCompile Include="BusterShot.cpp">
      <Filter>Game\GameObject\Weapon\MegamanX</Filter>
    </ClCompile>
    <ClCompile Include="ChargedShot1.cpp">
      <Filter>Game\GameObject\Weapon\MegamanX</Filter>
    </ClCompile>
    <ClCompile Include="ChargedShot2.cpp">
      <Filter>Game\GameObject\Weapon\MegamanX</Filter>
    </ClCompile>
    <ClCompile Include="DashSmoke.cpp">
      <Filter>Game\Effect\Megaman</Filter>
    </ClCompile>
    <ClCompile Include="DashSpark.cpp">
      <Filter>Game\Effect\Megaman</Filter>
    </ClCompile>
    <ClCompile Include="WallKick.cpp">
      <Filter>Game\Effect\Megaman</Filter>
    </ClCompile>
    <ClCompile Include="WallSlide.cpp">
      <Filter>Game\Effect\Megaman</Filter>
    </ClCompile>
    <ClCompile Include="Gate.cpp">
      <Filter>Game\GameObject\Static Object\Scenes</Filter>
    </ClCompile>
    <ClCompile Include="DiePoint.cpp">
      <Filter>Game\GameObject\Static Object\Scenes</Filter>
    </ClCompile>
    <ClCompile Include="Elevator.cpp">
      <Filter>Game\GameObject\Static Object\Others</Filter>
    </ClCompile>
    <ClCompile Include="AnimationOneTime.cpp">
      <Filter>Lib\Animation</Filter>
    </ClCompile>
    <ClCompile Include="MegamanEffectFactory.cpp">
      <Filter>Game\Controls\Megaman\Effect</Filter>
    </ClCompile>
    <ClCompile Include="Game1.cpp">
      <Filter>Game</Filter>
    </ClCompile>
    <ClCompile Include="MegamanWeapon.cpp">
      <Filter>Game\Controls\Megaman\Weapon</Filter>
    </ClCompile>
    <ClCompile Include="ChargedEffect.cpp">
      <Filter>Game\Effect\Megaman</Filter>
    </ClCompile>
    <ClCompile Include="NotorBangerEffectShot.cpp">
      <Filter>Game\Effect</Filter>
    </ClCompile>
    <ClCompile Include="Helit.cpp">
      <Filter>Game\GameObject\DynamicObject\Enemies</Filter>
    </ClCompile>
    <ClCompile Include="NotorBangerBullet.cpp">
      <Filter>Game\GameObject\Weapon\Enemies</Filter>
    </ClCompile>
  </ItemGroup>
  <ItemGroup>
    <Image Include="icon.ico">
      <Filter>Resource Files\Images\Icons</Filter>
    </Image>
  </ItemGroup>
</Project>